
Microsoft Visual Studio Solution File, Format Version 12.00
# Visual Studio 15
VisualStudioVersion = 15.0.27703.2000
MinimumVisualStudioVersion = 10.0.40219.1
Project("{FAE04EC0-301F-11D3-BF4B-00C04F79EFBC}") = "HW3_AL.UI", "HW3_AL.UI\HW3_AL.UI.csproj", "{1DCF84FC-1FCF-4263-BC61-A555F049F380}"
EndProject
Project("{FAE04EC0-301F-11D3-BF4B-00C04F79EFBC}") = "HW3_AL.Core", "HW3_AL.Core\HW3_AL.Core.csproj", "{6BBBBE27-2A7B-4904-B2D6-829B3A7B34DF}"
EndProject
Global
	GlobalSection(SolutionConfigurationPlatforms) = preSolution
		Debug|Any CPU = Debug|Any CPU
		Release|Any CPU = Release|Any CPU
	EndGlobalSection
	GlobalSection(ProjectConfigurationPlatforms) = postSolution
		{1DCF84FC-1FCF-4263-BC61-A555F049F380}.Debug|Any CPU.ActiveCfg = Debug|Any CPU
		{1DCF84FC-1FCF-4263-BC61-A555F049F380}.Debug|Any CPU.Build.0 = Debug|Any CPU
		{1DCF84FC-1FCF-4263-BC61-A555F049F380}.Release|Any CPU.ActiveCfg = Release|Any CPU
		{1DCF84FC-1FCF-4263-BC61-A555F049F380}.Release|Any CPU.Build.0 = Release|Any CPU
		{6BBBBE27-2A7B-4904-B2D6-829B3A7B34DF}.Debug|Any CPU.ActiveCfg = Debug|Any CPU
		{6BBBBE27-2A7B-4904-B2D6-829B3A7B34DF}.Debug|Any CPU.Build.0 = Debug|Any CPU
		{6BBBBE27-2A7B-4904-B2D6-829B3A7B34DF}.Release|Any CPU.ActiveCfg = Release|Any CPU
		{6BBBBE27-2A7B-4904-B2D6-829B3A7B34DF}.Release|Any CPU.Build.0 = Release|Any CPU
	EndGlobalSection
	GlobalSection(SolutionProperties) = preSolution
		HideSolutionNode = FALSE
	EndGlobalSection
	GlobalSection(ExtensibilityGlobals) = postSolution
		SolutionGuid = {52B081DA-BE3A-4DD1-83B7-51C459ABB19D}
	EndGlobalSection
EndGlobal
